
Microsoft Visual Studio Solution File, Format Version 12.00
# Visual Studio Version 17
VisualStudioVersion = 17.8.34330.188
MinimumVisualStudioVersion = 10.0.40219.1
Project("{FAE04EC0-301F-11D3-BF4B-00C04F79EFBC}") = "FoodeaseDotNet", "FoodeaseDotNet.csproj", "{95728D9F-15C4-4141-BC95-7D00B7EC3709}"
EndProject
Global
	GlobalSection(SolutionConfigurationPlatforms) = preSolution
		Debug|Any CPU = Debug|Any CPU
		Release|Any CPU = Release|Any CPU
	EndGlobalSection
	GlobalSection(ProjectConfigurationPlatforms) = postSolution
		{95728D9F-15C4-4141-BC95-7D00B7EC3709}.Debug|Any CPU.ActiveCfg = Debug|Any CPU
		{95728D9F-15C4-4141-BC95-7D00B7EC3709}.Debug|Any CPU.Build.0 = Debug|Any CPU
		{95728D9F-15C4-4141-BC95-7D00B7EC3709}.Release|Any CPU.ActiveCfg = Release|Any CPU
		{95728D9F-15C4-4141-BC95-7D00B7EC3709}.Release|Any CPU.Build.0 = Release|Any CPU
	EndGlobalSection
	GlobalSection(SolutionProperties) = preSolution
		HideSolutionNode = FALSE
	EndGlobalSection
	GlobalSection(ExtensibilityGlobals) = postSolution
		SolutionGuid = {0D746C97-840D-4BFD-8CB7-0E242B2276C2}
	EndGlobalSection
EndGlobal
